// !$*UTF8*$!
{
	archiveVersion = 1;
	classes = {
	};
	objectVersion = 56;
	objects = {

/* Begin PBXBuildFile section */
		AFA1DEC329A5D808008976DF /* ImageViewVC.swift in Sources */ = {isa = PBXBuildFile; fileRef = AFA1DEC229A5D808008976DF /* ImageViewVC.swift */; };
		AFB609CC29A479920015E6EF /* AppDelegate.swift in Sources */ = {isa = PBXBuildFile; fileRef = AFB609CB29A479920015E6EF /* AppDelegate.swift */; };
		AFB609CE29A479920015E6EF /* SceneDelegate.swift in Sources */ = {isa = PBXBuildFile; fileRef = AFB609CD29A479920015E6EF /* SceneDelegate.swift */; };
		AFB609D529A479950015E6EF /* Assets.xcassets in Resources */ = {isa = PBXBuildFile; fileRef = AFB609D429A479950015E6EF /* Assets.xcassets */; };
		AFB609D829A479950015E6EF /* LaunchScreen.storyboard in Resources */ = {isa = PBXBuildFile; fileRef = AFB609D629A479950015E6EF /* LaunchScreen.storyboard */; };
		AFB609E229A47BD60015E6EF /* HomeViewController.swift in Sources */ = {isa = PBXBuildFile; fileRef = AFB609E129A47BD60015E6EF /* HomeViewController.swift */; };
		AFB609E529A4833B0015E6EF /* ActivityIndicatorViewVC.swift in Sources */ = {isa = PBXBuildFile; fileRef = AFB609E429A4833B0015E6EF /* ActivityIndicatorViewVC.swift */; };
		AFB609E829A4E2CD0015E6EF /* CalendarViewVC.swift in Sources */ = {isa = PBXBuildFile; fileRef = AFB609E729A4E2CD0015E6EF /* CalendarViewVC.swift */; };
/* End PBXBuildFile section */

/* Begin PBXFileReference section */
		AFA1DEC229A5D808008976DF /* ImageViewVC.swift */ = {isa = PBXFileReference; lastKnownFileType = sourcecode.swift; path = ImageViewVC.swift; sourceTree = "<group>"; };
		AFB609C829A479920015E6EF /* Catalyst.app */ = {isa = PBXFileReference; explicitFileType = wrapper.application; includeInIndex = 0; path = Catalyst.app; sourceTree = BUILT_PRODUCTS_DIR; };
		AFB609CB29A479920015E6EF /* AppDelegate.swift */ = {isa = PBXFileReference; lastKnownFileType = sourcecode.swift; path = AppDelegate.swift; sourceTree = "<group>"; };
		AFB609CD29A479920015E6EF /* SceneDelegate.swift */ = {isa = PBXFileReference; lastKnownFileType = sourcecode.swift; path = SceneDelegate.swift; sourceTree = "<group>"; };
		AFB609D429A479950015E6EF /* Assets.xcassets */ = {isa = PBXFileReference; lastKnownFileType = folder.assetcatalog; path = Assets.xcassets; sourceTree = "<group>"; };
		AFB609D729A479950015E6EF /* Base */ = {isa = PBXFileReference; lastKnownFileType = file.storyboard; name = Base; path = Base.lproj/LaunchScreen.storyboard; sourceTree = "<group>"; };
		AFB609D929A479950015E6EF /* Info.plist */ = {isa = PBXFileReference; lastKnownFileType = text.plist.xml; path = Info.plist; sourceTree = "<group>"; };
		AFB609E129A47BD60015E6EF /* HomeViewController.swift */ = {isa = PBXFileReference; lastKnownFileType = sourcecode.swift; path = HomeViewController.swift; sourceTree = "<group>"; };
		AFB609E429A4833B0015E6EF /* ActivityIndicatorViewVC.swift */ = {isa = PBXFileReference; lastKnownFileType = sourcecode.swift; path = ActivityIndicatorViewVC.swift; sourceTree = "<group>"; };
		AFB609E729A4E2CD0015E6EF /* CalendarViewVC.swift */ = {isa = PBXFileReference; lastKnownFileType = sourcecode.swift; path = CalendarViewVC.swift; sourceTree = "<group>"; };
/* End PBXFileReference section */

/* Begin PBXFrameworksBuildPhase section */
		AFB609C529A479920015E6EF /* Frameworks */ = {
			isa = PBXFrameworksBuildPhase;
			buildActionMask = 2147483647;
			files = (
			);
			runOnlyForDeploymentPostprocessing = 0;
		};
/* End PBXFrameworksBuildPhase section */

/* Begin PBXGroup section */
		AFA1DEC129A5D753008976DF /* ImageView */ = {
			isa = PBXGroup;
			children = (
				AFA1DEC229A5D808008976DF /* ImageViewVC.swift */,
			);
			path = ImageView;
			sourceTree = "<group>";
		};
		AFB609BF29A479920015E6EF = {
			isa = PBXGroup;
			children = (
				AFB609CA29A479920015E6EF /* BreakingStuff */,
				AFB609C929A479920015E6EF /* Products */,
			);
			sourceTree = "<group>";
		};
		AFB609C929A479920015E6EF /* Products */ = {
			isa = PBXGroup;
			children = (
				AFB609C829A479920015E6EF /* Catalyst.app */,
			);
			name = Products;
			sourceTree = "<group>";
		};
		AFB609CA29A479920015E6EF /* BreakingStuff */ = {
			isa = PBXGroup;
			children = (
				AFB609E029A47B3E0015E6EF /* StructureDelegates */,
				AFB609DF29A479E40015E6EF /* Views */,
				AFB609D429A479950015E6EF /* Assets.xcassets */,
				AFB609D629A479950015E6EF /* LaunchScreen.storyboard */,
				AFB609D929A479950015E6EF /* Info.plist */,
			);
			path = BreakingStuff;
			sourceTree = "<group>";
		};
		AFB609DF29A479E40015E6EF /* Views */ = {
			isa = PBXGroup;
			children = (
				AFA1DEC129A5D753008976DF /* ImageView */,
				AFB609E329A483120015E6EF /* ActivityIndicator */,
				AFB609E629A4E1D30015E6EF /* CalendarView */,
				AFB609E129A47BD60015E6EF /* HomeViewController.swift */,
			);
			path = Views;
			sourceTree = "<group>";
		};
		AFB609E029A47B3E0015E6EF /* StructureDelegates */ = {
			isa = PBXGroup;
			children = (
				AFB609CB29A479920015E6EF /* AppDelegate.swift */,
				AFB609CD29A479920015E6EF /* SceneDelegate.swift */,
			);
			path = StructureDelegates;
			sourceTree = "<group>";
		};
		AFB609E329A483120015E6EF /* ActivityIndicator */ = {
			isa = PBXGroup;
			children = (
				AFB609E429A4833B0015E6EF /* ActivityIndicatorViewVC.swift */,
			);
			path = ActivityIndicator;
			sourceTree = "<group>";
		};
		AFB609E629A4E1D30015E6EF /* CalendarView */ = {
			isa = PBXGroup;
			children = (
				AFB609E729A4E2CD0015E6EF /* CalendarViewVC.swift */,
			);
			path = CalendarView;
			sourceTree = "<group>";
		};
/* End PBXGroup section */

/* Begin PBXNativeTarget section */
		AFB609C729A479920015E6EF /* Catalyst */ = {
			isa = PBXNativeTarget;
			buildConfigurationList = AFB609DC29A479950015E6EF /* Build configuration list for PBXNativeTarget "Catalyst" */;
			buildPhases = (
				AFB609C429A479920015E6EF /* Sources */,
				AFB609C529A479920015E6EF /* Frameworks */,
				AFB609C629A479920015E6EF /* Resources */,
			);
			buildRules = (
			);
			dependencies = (
			);
			name = Catalyst;
			productName = BreakingStuff;
			productReference = AFB609C829A479920015E6EF /* Catalyst.app */;
			productType = "com.apple.product-type.application";
		};
/* End PBXNativeTarget section */

/* Begin PBXProject section */
		AFB609C029A479920015E6EF /* Project object */ = {
			isa = PBXProject;
			attributes = {
				BuildIndependentTargetsInParallel = 1;
				LastSwiftUpdateCheck = 1420;
				LastUpgradeCheck = 1420;
				TargetAttributes = {
					AFB609C729A479920015E6EF = {
						CreatedOnToolsVersion = 14.2;
					};
				};
			};
			buildConfigurationList = AFB609C329A479920015E6EF /* Build configuration list for PBXProject "Catalyst" */;
			compatibilityVersion = "Xcode 14.0";
			developmentRegion = en;
			hasScannedForEncodings = 0;
			knownRegions = (
				en,
				Base,
			);
			mainGroup = AFB609BF29A479920015E6EF;
			productRefGroup = AFB609C929A479920015E6EF /* Products */;
			projectDirPath = "";
			projectRoot = "";
			targets = (
				AFB609C729A479920015E6EF /* Catalyst */,
			);
		};
/* End PBXProject section */

/* Begin PBXResourcesBuildPhase section */
		AFB609C629A479920015E6EF /* Resources */ = {
			isa = PBXResourcesBuildPhase;
			buildActionMask = 2147483647;
			files = (
				AFB609D829A479950015E6EF /* LaunchScreen.storyboard in Resources */,
				AFB609D529A479950015E6EF /* Assets.xcassets in Resources */,
			);
			runOnlyForDeploymentPostprocessing = 0;
		};
/* End PBXResourcesBuildPhase section */

/* Begin PBXSourcesBuildPhase section */
		AFB609C429A479920015E6EF /* Sources */ = {
			isa = PBXSourcesBuildPhase;
			buildActionMask = 2147483647;
			files = (
				AFB609CC29A479920015E6EF /* AppDelegate.swift in Sources */,
				AFB609CE29A479920015E6EF /* SceneDelegate.swift in Sources */,
				AFA1DEC329A5D808008976DF /* ImageViewVC.swift in Sources */,
				AFB609E229A47BD60015E6EF /* HomeViewController.swift in Sources */,
				AFB609E529A4833B0015E6EF /* ActivityIndicatorViewVC.swift in Sources */,
				AFB609E829A4E2CD0015E6EF /* CalendarViewVC.swift in Sources */,
			);
			runOnlyForDeploymentPostprocessing = 0;
		};
/* End PBXSourcesBuildPhase section */

/* Begin PBXVariantGroup section */
		AFB609D629A479950015E6EF /* LaunchScreen.storyboard */ = {
			isa = PBXVariantGroup;
			children = (
				AFB609D729A479950015E6EF /* Base */,
			);
			name = LaunchScreen.storyboard;
			sourceTree = "<group>";
		};
/* End PBXVariantGroup section */

/* Begin XCBuildConfiguration section */
		AFB609DA29A479950015E6EF /* Debug */ = {
			isa = XCBuildConfiguration;
			buildSettings = {
				ALWAYS_SEARCH_USER_PATHS = NO;
				CLANG_ANALYZER_NONNULL = YES;
				CLANG_ANALYZER_NUMBER_OBJECT_CONVERSION = YES_AGGRESSIVE;
				CLANG_CXX_LANGUAGE_STANDARD = "gnu++20";
				CLANG_ENABLE_MODULES = YES;
				CLANG_ENABLE_OBJC_ARC = YES;
				CLANG_ENABLE_OBJC_WEAK = YES;
				CLANG_WARN_BLOCK_CAPTURE_AUTORELEASING = YES;
				CLANG_WARN_BOOL_CONVERSION = YES;
				CLANG_WARN_COMMA = YES;
				CLANG_WARN_CONSTANT_CONVERSION = YES;
				CLANG_WARN_DEPRECATED_OBJC_IMPLEMENTATIONS = YES;
				CLANG_WARN_DIRECT_OBJC_ISA_USAGE = YES_ERROR;
				CLANG_WARN_DOCUMENTATION_COMMENTS = YES;
				CLANG_WARN_EMPTY_BODY = YES;
				CLANG_WARN_ENUM_CONVERSION = YES;
				CLANG_WARN_INFINITE_RECURSION = YES;
				CLANG_WARN_INT_CONVERSION = YES;
				CLANG_WARN_NON_LITERAL_NULL_CONVERSION = YES;
				CLANG_WARN_OBJC_IMPLICIT_RETAIN_SELF = YES;
				CLANG_WARN_OBJC_LITERAL_CONVERSION = YES;
				CLANG_WARN_OBJC_ROOT_CLASS = YES_ERROR;
				CLANG_WARN_QUOTED_INCLUDE_IN_FRAMEWORK_HEADER = YES;
				CLANG_WARN_RANGE_LOOP_ANALYSIS = YES;
				CLANG_WARN_STRICT_PROTOTYPES = YES;
				CLANG_WARN_SUSPICIOUS_MOVE = YES;
				CLANG_WARN_UNGUARDED_AVAILABILITY = YES_AGGRESSIVE;
				CLANG_WARN_UNREACHABLE_CODE = YES;
				CLANG_WARN__DUPLICATE_METHOD_MATCH = YES;
				COPY_PHASE_STRIP = NO;
				DEBUG_INFORMATION_FORMAT = dwarf;
				ENABLE_STRICT_OBJC_MSGSEND = YES;
				ENABLE_TESTABILITY = YES;
				GCC_C_LANGUAGE_STANDARD = gnu11;
				GCC_DYNAMIC_NO_PIC = NO;
				GCC_NO_COMMON_BLOCKS = YES;
				GCC_OPTIMIZATION_LEVEL = 0;
				GCC_PREPROCESSOR_DEFINITIONS = (
					"DEBUG=1",
					"$(inherited)",
				);
				GCC_WARN_64_TO_32_BIT_CONVERSION = YES;
				GCC_WARN_ABOUT_RETURN_TYPE = YES_ERROR;
				GCC_WARN_UNDECLARED_SELECTOR = YES;
				GCC_WARN_UNINITIALIZED_AUTOS = YES_AGGRESSIVE;
				GCC_WARN_UNUSED_FUNCTION = YES;
				GCC_WARN_UNUSED_VARIABLE = YES;
				IPHONEOS_DEPLOYMENT_TARGET = 16.2;
				MTL_ENABLE_DEBUG_INFO = INCLUDE_SOURCE;
				MTL_FAST_MATH = YES;
				ONLY_ACTIVE_ARCH = YES;
				SDKROOT = iphoneos;
				SWIFT_ACTIVE_COMPILATION_CONDITIONS = DEBUG;
				SWIFT_OPTIMIZATION_LEVEL = "-Onone";
			};
			name = Debug;
		};
		AFB609DB29A479950015E6EF /* Release */ = {
			isa = XCBuildConfiguration;
			buildSettings = {
				ALWAYS_SEARCH_USER_PATHS = NO;
				CLANG_ANALYZER_NONNULL = YES;
				CLANG_ANALYZER_NUMBER_OBJECT_CONVERSION = YES_AGGRESSIVE;
				CLANG_CXX_LANGUAGE_STANDARD = "gnu++20";
				CLANG_ENABLE_MODULES = YES;
				CLANG_ENABLE_OBJC_ARC = YES;
				CLANG_ENABLE_OBJC_WEAK = YES;
				CLANG_WARN_BLOCK_CAPTURE_AUTORELEASING = YES;
				CLANG_WARN_BOOL_CONVERSION = YES;
				CLANG_WARN_COMMA = YES;
				CLANG_WARN_CONSTANT_CONVERSION = YES;
				CLANG_WARN_DEPRECATED_OBJC_IMPLEMENTATIONS = YES;
				CLANG_WARN_DIRECT_OBJC_ISA_USAGE = YES_ERROR;
				CLANG_WARN_DOCUMENTATION_COMMENTS = YES;
				CLANG_WARN_EMPTY_BODY = YES;
				CLANG_WARN_ENUM_CONVERSION = YES;
				CLANG_WARN_INFINITE_RECURSION = YES;
				CLANG_WARN_INT_CONVERSION = YES;
				CLANG_WARN_NON_LITERAL_NULL_CONVERSION = YES;
				CLANG_WARN_OBJC_IMPLICIT_RETAIN_SELF = YES;
				CLANG_WARN_OBJC_LITERAL_CONVERSION = YES;
				CLANG_WARN_OBJC_ROOT_CLASS = YES_ERROR;
				CLANG_WARN_QUOTED_INCLUDE_IN_FRAMEWORK_HEADER = YES;
				CLANG_WARN_RANGE_LOOP_ANALYSIS = YES;
				CLANG_WARN_STRICT_PROTOTYPES = YES;
				CLANG_WARN_SUSPICIOUS_MOVE = YES;
				CLANG_WARN_UNGUARDED_AVAILABILITY = YES_AGGRESSIVE;
				CLANG_WARN_UNREACHABLE_CODE = YES;
				CLANG_WARN__DUPLICATE_METHOD_MATCH = YES;
				COPY_PHASE_STRIP = NO;
				DEBUG_INFORMATION_FORMAT = "dwarf-with-dsym";
				ENABLE_NS_ASSERTIONS = NO;
				ENABLE_STRICT_OBJC_MSGSEND = YES;
				GCC_C_LANGUAGE_STANDARD = gnu11;
				GCC_NO_COMMON_BLOCKS = YES;
				GCC_WARN_64_TO_32_BIT_CONVERSION = YES;
				GCC_WARN_ABOUT_RETURN_TYPE = YES_ERROR;
				GCC_WARN_UNDECLARED_SELECTOR = YES;
				GCC_WARN_UNINITIALIZED_AUTOS = YES_AGGRESSIVE;
				GCC_WARN_UNUSED_FUNCTION = YES;
				GCC_WARN_UNUSED_VARIABLE = YES;
				IPHONEOS_DEPLOYMENT_TARGET = 16.2;
				MTL_ENABLE_DEBUG_INFO = NO;
				MTL_FAST_MATH = YES;
				SDKROOT = iphoneos;
				SWIFT_COMPILATION_MODE = wholemodule;
				SWIFT_OPTIMIZATION_LEVEL = "-O";
				VALIDATE_PRODUCT = YES;
			};
			name = Release;
		};
		AFB609DD29A479950015E6EF /* Debug */ = {
			isa = XCBuildConfiguration;
			buildSettings = {
				ASSETCATALOG_COMPILER_APPICON_NAME = AppIcon;
				ASSETCATALOG_COMPILER_GLOBAL_ACCENT_COLOR_NAME = AccentColor;
				CODE_SIGN_STYLE = Automatic;
				CURRENT_PROJECT_VERSION = 1;
				GENERATE_INFOPLIST_FILE = YES;
				INFOPLIST_FILE = BreakingStuff/Info.plist;
				INFOPLIST_KEY_UIApplicationSupportsIndirectInputEvents = YES;
				INFOPLIST_KEY_UILaunchStoryboardName = LaunchScreen.storyboard;
				INFOPLIST_KEY_UISupportedInterfaceOrientations_iPad = "UIInterfaceOrientationPortrait UIInterfaceOrientationPortraitUpsideDown UIInterfaceOrientationLandscapeLeft UIInterfaceOrientationLandscapeRight";
				INFOPLIST_KEY_UISupportedInterfaceOrientations_iPhone = "UIInterfaceOrientationPortrait UIInterfaceOrientationLandscapeLeft UIInterfaceOrientationLandscapeRight";
				LD_RUNPATH_SEARCH_PATHS = (
					"$(inherited)",
					"@executable_path/Frameworks",
				);
				MARKETING_VERSION = 1.0;
				PRODUCT_BUNDLE_IDENTIFIER = com.learnapp.BreakingStuff;
				PRODUCT_NAME = "$(TARGET_NAME)";
				SWIFT_EMIT_LOC_STRINGS = YES;
				SWIFT_VERSION = 5.0;
				TARGETED_DEVICE_FAMILY = "1,2";
			};
			name = Debug;
		};
		AFB609DE29A479950015E6EF /* Release */ = {
			isa = XCBuildConfiguration;
			buildSettings = {
				ASSETCATALOG_COMPILER_APPICON_NAME = AppIcon;
				ASSETCATALOG_COMPILER_GLOBAL_ACCENT_COLOR_NAME = AccentColor;
				CODE_SIGN_STYLE = Automatic;
				CURRENT_PROJECT_VERSION = 1;
				GENERATE_INFOPLIST_FILE = YES;
				INFOPLIST_FILE = BreakingStuff/Info.plist;
				INFOPLIST_KEY_UIApplicationSupportsIndirectInputEvents = YES;
				INFOPLIST_KEY_UILaunchStoryboardName = LaunchScreen.storyboard;
				INFOPLIST_KEY_UISupportedInterfaceOrientations_iPad = "UIInterfaceOrientationPortrait UIInterfaceOrientationPortraitUpsideDown UIInterfaceOrientationLandscapeLeft UIInterfaceOrientationLandscapeRight";
				INFOPLIST_KEY_UISupportedInterfaceOrientations_iPhone = "UIInterfaceOrientationPortrait UIInterfaceOrientationLandscapeLeft UIInterfaceOrientationLandscapeRight";
				LD_RUNPATH_SEARCH_PATHS = (
					"$(inherited)",
					"@executable_path/Frameworks",
				);
				MARKETING_VERSION = 1.0;
				PRODUCT_BUNDLE_IDENTIFIER = com.learnapp.BreakingStuff;
				PRODUCT_NAME = "$(TARGET_NAME)";
				SWIFT_EMIT_LOC_STRINGS = YES;
				SWIFT_VERSION = 5.0;
				TARGETED_DEVICE_FAMILY = "1,2";
			};
			name = Release;
		};
/* End XCBuildConfiguration section */

/* Begin XCConfigurationList section */
		AFB609C329A479920015E6EF /* Build configuration list for PBXProject "Catalyst" */ = {
			isa = XCConfigurationList;
			buildConfigurations = (
				AFB609DA29A479950015E6EF /* Debug */,
				AFB609DB29A479950015E6EF /* Release */,
			);
			defaultConfigurationIsVisible = 0;
			defaultConfigurationName = Release;
		};
		AFB609DC29A479950015E6EF /* Build configuration list for PBXNativeTarget "Catalyst" */ = {
			isa = XCConfigurationList;
			buildConfigurations = (
				AFB609DD29A479950015E6EF /* Debug */,
				AFB609DE29A479950015E6EF /* Release */,
			);
			defaultConfigurationIsVisible = 0;
			defaultConfigurationName = Release;
		};
/* End XCConfigurationList section */
	};
	rootObject = AFB609C029A479920015E6EF /* Project object */;
}
